github.com/jstarks/npiperelay v0.1.0 h1:8aE68voJ84WliWZG2UdUTw5YCXiJXETjKZjCAkn9WnU=
github.com/jstarks/npiperelay v0.1.0/go.mod h1:ZFBLGh8o9cdvNwXoN8pRK9MQ7Hp1/xHdJ/lBp2+mP1s=
golang.org/x/sys v0.0.0-20200625212154-ddb9806d33ae h1:Ih9Yo4hSPImZOpfGuA4bR/ORKTAbhZo2AbWNRCnevdo=
golang.org/x/sys v0.0.0-20200625212154-ddb9806d33ae/go.mod h1:h1NjWce9XRLGQEsW7wpKNCjG9DtNlClVuFLEZdDNbEs=
